
Microsoft Visual Studio Solution File, Format Version 12.00
# Visual Studio 15
VisualStudioVersion = 15.0.28010.2050
MinimumVisualStudioVersion = 10.0.40219.1
Project("{8BC9CEB8-8B4A-11D0-8D11-00A0C91BC942}") = "查看字符串的括号是否匹配", "查看字符串的括号是否匹配\查看字符串的括号是否匹配.vcxproj", "{A991C160-6433-493D-AEFD-1ECE157561BB}"
EndProject
Global
	GlobalSection(SolutionConfigurationPlatforms) = preSolution
		Debug|x64 = Debug|x64
		Debug|x86 = Debug|x86
		Release|x64 = Release|x64
		Release|x86 = Release|x86
	EndGlobalSection
	GlobalSection(ProjectConfigurationPlatforms) = postSolution
		{A991C160-6433-493D-AEFD-1ECE157561BB}.Debug|x64.ActiveCfg = Debug|x64
		{A991C160-6433-493D-AEFD-1ECE157561BB}.Debug|x64.Build.0 = Debug|x64
		{A991C160-6433-493D-AEFD-1ECE157561BB}.Debug|x86.ActiveCfg = Debug|Win32
		{A991C160-6433-493D-AEFD-1ECE157561BB}.Debug|x86.Build.0 = Debug|Win32
		{A991C160-6433-493D-AEFD-1ECE157561BB}.Release|x64.ActiveCfg = Release|x64
		{A991C160-6433-493D-AEFD-1ECE157561BB}.Release|x64.Build.0 = Release|x64
		{A991C160-6433-493D-AEFD-1ECE157561BB}.Release|x86.ActiveCfg = Release|Win32
		{A991C160-6433-493D-AEFD-1ECE157561BB}.Release|x86.Build.0 = Release|Win32
	EndGlobalSection
	GlobalSection(SolutionProperties) = preSolution
		HideSolutionNode = FALSE
	EndGlobalSection
	GlobalSection(ExtensibilityGlobals) = postSolution
		SolutionGuid = {E425C56E-66FE-49FC-8F13-28DB9D97304B}
	EndGlobalSection
EndGlobal
