
Microsoft Visual Studio Solution File, Format Version 12.00
# Visual Studio 15
VisualStudioVersion = 15.0.28010.2050
MinimumVisualStudioVersion = 10.0.40219.1
Project("{8BC9CEB8-8B4A-11D0-8D11-00A0C91BC942}") = "回文串构造", "回文串构造\回文串构造.vcxproj", "{1F5C4AB8-2E59-456D-909A-91BA1616E2D9}"
EndProject
Global
	GlobalSection(SolutionConfigurationPlatforms) = preSolution
		Debug|x64 = Debug|x64
		Debug|x86 = Debug|x86
		Release|x64 = Release|x64
		Release|x86 = Release|x86
	EndGlobalSection
	GlobalSection(ProjectConfigurationPlatforms) = postSolution
		{1F5C4AB8-2E59-456D-909A-91BA1616E2D9}.Debug|x64.ActiveCfg = Debug|x64
		{1F5C4AB8-2E59-456D-909A-91BA1616E2D9}.Debug|x64.Build.0 = Debug|x64
		{1F5C4AB8-2E59-456D-909A-91BA1616E2D9}.Debug|x86.ActiveCfg = Debug|Win32
		{1F5C4AB8-2E59-456D-909A-91BA1616E2D9}.Debug|x86.Build.0 = Debug|Win32
		{1F5C4AB8-2E59-456D-909A-91BA1616E2D9}.Release|x64.ActiveCfg = Release|x64
		{1F5C4AB8-2E59-456D-909A-91BA1616E2D9}.Release|x64.Build.0 = Release|x64
		{1F5C4AB8-2E59-456D-909A-91BA1616E2D9}.Release|x86.ActiveCfg = Release|Win32
		{1F5C4AB8-2E59-456D-909A-91BA1616E2D9}.Release|x86.Build.0 = Release|Win32
	EndGlobalSection
	GlobalSection(SolutionProperties) = preSolution
		HideSolutionNode = FALSE
	EndGlobalSection
	GlobalSection(ExtensibilityGlobals) = postSolution
		SolutionGuid = {C1BB0DD6-B676-4E6C-9281-7F9694D7EFB1}
	EndGlobalSection
EndGlobal
