
Microsoft Visual Studio Solution File, Format Version 12.00
# Visual Studio 15
VisualStudioVersion = 15.0.28010.2050
MinimumVisualStudioVersion = 10.0.40219.1
Project("{8BC9CEB8-8B4A-11D0-8D11-00A0C91BC942}") = "统计字符", "统计字符\统计字符.vcxproj", "{41D75535-33E1-4104-9748-E6B974223397}"
EndProject
Global
	GlobalSection(SolutionConfigurationPlatforms) = preSolution
		Debug|x64 = Debug|x64
		Debug|x86 = Debug|x86
		Release|x64 = Release|x64
		Release|x86 = Release|x86
	EndGlobalSection
	GlobalSection(ProjectConfigurationPlatforms) = postSolution
		{41D75535-33E1-4104-9748-E6B974223397}.Debug|x64.ActiveCfg = Debug|x64
		{41D75535-33E1-4104-9748-E6B974223397}.Debug|x64.Build.0 = Debug|x64
		{41D75535-33E1-4104-9748-E6B974223397}.Debug|x86.ActiveCfg = Debug|Win32
		{41D75535-33E1-4104-9748-E6B974223397}.Debug|x86.Build.0 = Debug|Win32
		{41D75535-33E1-4104-9748-E6B974223397}.Release|x64.ActiveCfg = Release|x64
		{41D75535-33E1-4104-9748-E6B974223397}.Release|x64.Build.0 = Release|x64
		{41D75535-33E1-4104-9748-E6B974223397}.Release|x86.ActiveCfg = Release|Win32
		{41D75535-33E1-4104-9748-E6B974223397}.Release|x86.Build.0 = Release|Win32
	EndGlobalSection
	GlobalSection(SolutionProperties) = preSolution
		HideSolutionNode = FALSE
	EndGlobalSection
	GlobalSection(ExtensibilityGlobals) = postSolution
		SolutionGuid = {C3D977CD-D23C-4C00-A467-5AA9B9F432F9}
	EndGlobalSection
EndGlobal
