
Microsoft Visual Studio Solution File, Format Version 12.00
# Visual Studio 15
VisualStudioVersion = 15.0.28010.2050
MinimumVisualStudioVersion = 10.0.40219.1
Project("{8BC9CEB8-8B4A-11D0-8D11-00A0C91BC942}") = "外星人基因", "外星人基因\外星人基因.vcxproj", "{8CFD207A-EBBF-4569-B511-24863921F739}"
EndProject
Global
	GlobalSection(SolutionConfigurationPlatforms) = preSolution
		Debug|x64 = Debug|x64
		Debug|x86 = Debug|x86
		Release|x64 = Release|x64
		Release|x86 = Release|x86
	EndGlobalSection
	GlobalSection(ProjectConfigurationPlatforms) = postSolution
		{8CFD207A-EBBF-4569-B511-24863921F739}.Debug|x64.ActiveCfg = Debug|x64
		{8CFD207A-EBBF-4569-B511-24863921F739}.Debug|x64.Build.0 = Debug|x64
		{8CFD207A-EBBF-4569-B511-24863921F739}.Debug|x86.ActiveCfg = Debug|Win32
		{8CFD207A-EBBF-4569-B511-24863921F739}.Debug|x86.Build.0 = Debug|Win32
		{8CFD207A-EBBF-4569-B511-24863921F739}.Release|x64.ActiveCfg = Release|x64
		{8CFD207A-EBBF-4569-B511-24863921F739}.Release|x64.Build.0 = Release|x64
		{8CFD207A-EBBF-4569-B511-24863921F739}.Release|x86.ActiveCfg = Release|Win32
		{8CFD207A-EBBF-4569-B511-24863921F739}.Release|x86.Build.0 = Release|Win32
	EndGlobalSection
	GlobalSection(SolutionProperties) = preSolution
		HideSolutionNode = FALSE
	EndGlobalSection
	GlobalSection(ExtensibilityGlobals) = postSolution
		SolutionGuid = {5C191781-6CB0-419E-B2BB-EEED94F85710}
	EndGlobalSection
EndGlobal
