
Microsoft Visual Studio Solution File, Format Version 12.00
# Visual Studio 15
VisualStudioVersion = 15.0.28010.2050
MinimumVisualStudioVersion = 10.0.40219.1
Project("{8BC9CEB8-8B4A-11D0-8D11-00A0C91BC942}") = "数组中第k个最大的元素", "数组中第k个最大的元素\数组中第k个最大的元素.vcxproj", "{13D4628C-DC3D-4B14-8235-5C7397A9FE06}"
EndProject
Global
	GlobalSection(SolutionConfigurationPlatforms) = preSolution
		Debug|x64 = Debug|x64
		Debug|x86 = Debug|x86
		Release|x64 = Release|x64
		Release|x86 = Release|x86
	EndGlobalSection
	GlobalSection(ProjectConfigurationPlatforms) = postSolution
		{13D4628C-DC3D-4B14-8235-5C7397A9FE06}.Debug|x64.ActiveCfg = Debug|x64
		{13D4628C-DC3D-4B14-8235-5C7397A9FE06}.Debug|x64.Build.0 = Debug|x64
		{13D4628C-DC3D-4B14-8235-5C7397A9FE06}.Debug|x86.ActiveCfg = Debug|Win32
		{13D4628C-DC3D-4B14-8235-5C7397A9FE06}.Debug|x86.Build.0 = Debug|Win32
		{13D4628C-DC3D-4B14-8235-5C7397A9FE06}.Release|x64.ActiveCfg = Release|x64
		{13D4628C-DC3D-4B14-8235-5C7397A9FE06}.Release|x64.Build.0 = Release|x64
		{13D4628C-DC3D-4B14-8235-5C7397A9FE06}.Release|x86.ActiveCfg = Release|Win32
		{13D4628C-DC3D-4B14-8235-5C7397A9FE06}.Release|x86.Build.0 = Release|Win32
	EndGlobalSection
	GlobalSection(SolutionProperties) = preSolution
		HideSolutionNode = FALSE
	EndGlobalSection
	GlobalSection(ExtensibilityGlobals) = postSolution
		SolutionGuid = {6FEE1464-7F85-44B6-845A-FE190B194AB9}
	EndGlobalSection
EndGlobal
